
Microsoft Visual Studio Solution File, Format Version 12.00
# Visual Studio Version 17
VisualStudioVersion = 17.10.34928.147
MinimumVisualStudioVersion = 10.0.40219.1
Project("{FAE04EC0-301F-11D3-BF4B-00C04F79EFBC}") = "WebApplication", "WebApplication\WebApplication.csproj", "{09E1C811-78E4-48C4-9644-2E9C682EAA00}"
EndProject
Project("{FAE04EC0-301F-11D3-BF4B-00C04F79EFBC}") = "WebApplication.Tests", "WebApplication.Tests\WebApplication.Tests.csproj", "{B4F8E5D2-559E-47B6-BAEE-67388EA45948}"
EndProject
Global
	GlobalSection(SolutionConfigurationPlatforms) = preSolution
		Debug|Any CPU = Debug|Any CPU
		Release|Any CPU = Release|Any CPU
	EndGlobalSection
	GlobalSection(ProjectConfigurationPlatforms) = postSolution
		{09E1C811-78E4-48C4-9644-2E9C682EAA00}.Debug|Any CPU.ActiveCfg = Debug|Any CPU
		{09E1C811-78E4-48C4-9644-2E9C682EAA00}.Debug|Any CPU.Build.0 = Debug|Any CPU
		{09E1C811-78E4-48C4-9644-2E9C682EAA00}.Release|Any CPU.ActiveCfg = Release|Any CPU
		{09E1C811-78E4-48C4-9644-2E9C682EAA00}.Release|Any CPU.Build.0 = Release|Any CPU
		{B4F8E5D2-559E-47B6-BAEE-67388EA45948}.Debug|Any CPU.ActiveCfg = Debug|Any CPU
		{B4F8E5D2-559E-47B6-BAEE-67388EA45948}.Debug|Any CPU.Build.0 = Debug|Any CPU
		{B4F8E5D2-559E-47B6-BAEE-67388EA45948}.Release|Any CPU.ActiveCfg = Release|Any CPU
		{B4F8E5D2-559E-47B6-BAEE-67388EA45948}.Release|Any CPU.Build.0 = Release|Any CPU
	EndGlobalSection
	GlobalSection(SolutionProperties) = preSolution
		HideSolutionNode = FALSE
	EndGlobalSection
	GlobalSection(ExtensibilityGlobals) = postSolution
		SolutionGuid = {64DBFA7F-9478-4F99-9626-3DBE607F4CAE}
	EndGlobalSection
EndGlobal
